// !$*UTF8*$!
{
	archiveVersion = 1;
	classes = {
	};
	objectVersion = 55;
	objects = {

/* Begin PBXBuildFile section */
		A8AC00C228A297B9005E84BE /* AppDelegate.swift in Sources */ = {isa = PBXBuildFile; fileRef = A8AC00C128A297B9005E84BE /* AppDelegate.swift */; };
		A8AC00C428A297B9005E84BE /* SceneDelegate.swift in Sources */ = {isa = PBXBuildFile; fileRef = A8AC00C328A297B9005E84BE /* SceneDelegate.swift */; };
		A8AC00C628A297B9005E84BE /* ViewController.swift in Sources */ = {isa = PBXBuildFile; fileRef = A8AC00C528A297B9005E84BE /* ViewController.swift */; };
		A8AC00C928A297B9005E84BE /* Main.storyboard in Resources */ = {isa = PBXBuildFile; fileRef = A8AC00C728A297B9005E84BE /* Main.storyboard */; };
		A8AC00CB28A297BA005E84BE /* Assets.xcassets in Resources */ = {isa = PBXBuildFile; fileRef = A8AC00CA28A297BA005E84BE /* Assets.xcassets */; };
		A8AC00CE28A297BA005E84BE /* LaunchScreen.storyboard in Resources */ = {isa = PBXBuildFile; fileRef = A8AC00CC28A297BA005E84BE /* LaunchScreen.storyboard */; };
		A8AC00E328A297BA005E84BE /* EssentialAppUITests.swift in Sources */ = {isa = PBXBuildFile; fileRef = A8AC00E228A297BA005E84BE /* EssentialAppUITests.swift */; };
		A8AC00E528A297BA005E84BE /* EssentialAppUITestsLaunchTests.swift in Sources */ = {isa = PBXBuildFile; fileRef = A8AC00E428A297BA005E84BE /* EssentialAppUITestsLaunchTests.swift */; };
		A8AC00F328A29894005E84BE /* EssentialFeed in Frameworks */ = {isa = PBXBuildFile; productRef = A8AC00F228A29894005E84BE /* EssentialFeed */; };
		A8AC00F528A29897005E84BE /* EssentialFeediOS in Frameworks */ = {isa = PBXBuildFile; productRef = A8AC00F428A29897005E84BE /* EssentialFeediOS */; };
		A8E7934428B4101000BA2B2C /* FeedLoaderWithFallbackCompositeTests.swift in Sources */ = {isa = PBXBuildFile; fileRef = A8E7934328B4101000BA2B2C /* FeedLoaderWithFallbackCompositeTests.swift */; };
		A8E7934928B419E000BA2B2C /* XCTestCase+MemoryLeakTracking.swift in Sources */ = {isa = PBXBuildFile; fileRef = A8E7934828B419E000BA2B2C /* XCTestCase+MemoryLeakTracking.swift */; };
		A8E7934B28B41A0900BA2B2C /* SharedTestHelpers.swift in Sources */ = {isa = PBXBuildFile; fileRef = A8E7934A28B41A0900BA2B2C /* SharedTestHelpers.swift */; };
		A8E7934D28B41C6D00BA2B2C /* FeedLoaderWithFallbackComposite.swift in Sources */ = {isa = PBXBuildFile; fileRef = A8E7934C28B41C6D00BA2B2C /* FeedLoaderWithFallbackComposite.swift */; };
		A8E7934F28B41D3E00BA2B2C /* FeedImageDataLoaderWithFallbackCompositeTests.swift in Sources */ = {isa = PBXBuildFile; fileRef = A8E7934E28B41D3E00BA2B2C /* FeedImageDataLoaderWithFallbackCompositeTests.swift */; };
		A8E7935128B5111600BA2B2C /* FeedImageDataLoaderWithFallbackComposite.swift in Sources */ = {isa = PBXBuildFile; fileRef = A8E7935028B5111600BA2B2C /* FeedImageDataLoaderWithFallbackComposite.swift */; };
		A8E7935328B5245700BA2B2C /* FeedLoaderCacheDecoratorTests.swift in Sources */ = {isa = PBXBuildFile; fileRef = A8E7935228B5245700BA2B2C /* FeedLoaderCacheDecoratorTests.swift */; };
		A8E7935528B5266200BA2B2C /* FeedLoaderStub.swift in Sources */ = {isa = PBXBuildFile; fileRef = A8E7935428B5266200BA2B2C /* FeedLoaderStub.swift */; };
		A8E7935728B5272500BA2B2C /* XCTestCase+FeedLoader.swift in Sources */ = {isa = PBXBuildFile; fileRef = A8E7935628B5272500BA2B2C /* XCTestCase+FeedLoader.swift */; };
/* End PBXBuildFile section */

/* Begin PBXContainerItemProxy section */
		A8AC00D528A297BA005E84BE /* PBXContainerItemProxy */ = {
			isa = PBXContainerItemProxy;
			containerPortal = A8AC00B628A297B9005E84BE /* Project object */;
			proxyType = 1;
			remoteGlobalIDString = A8AC00BD28A297B9005E84BE;
			remoteInfo = EssentialApp;
		};
		A8AC00DF28A297BA005E84BE /* PBXContainerItemProxy */ = {
			isa = PBXContainerItemProxy;
			containerPortal = A8AC00B628A297B9005E84BE /* Project object */;
			proxyType = 1;
			remoteGlobalIDString = A8AC00BD28A297B9005E84BE;
			remoteInfo = EssentialApp;
		};
/* End PBXContainerItemProxy section */

/* Begin PBXFileReference section */
		A8AC00BE28A297B9005E84BE /* EssentialApp.app */ = {isa = PBXFileReference; explicitFileType = wrapper.application; includeInIndex = 0; path = EssentialApp.app; sourceTree = BUILT_PRODUCTS_DIR; };
		A8AC00C128A297B9005E84BE /* AppDelegate.swift */ = {isa = PBXFileReference; lastKnownFileType = sourcecode.swift; path = AppDelegate.swift; sourceTree = "<group>"; };
		A8AC00C328A297B9005E84BE /* SceneDelegate.swift */ = {isa = PBXFileReference; lastKnownFileType = sourcecode.swift; path = SceneDelegate.swift; sourceTree = "<group>"; };
		A8AC00C528A297B9005E84BE /* ViewController.swift */ = {isa = PBXFileReference; lastKnownFileType = sourcecode.swift; path = ViewController.swift; sourceTree = "<group>"; };
		A8AC00C828A297B9005E84BE /* Base */ = {isa = PBXFileReference; lastKnownFileType = file.storyboard; name = Base; path = Base.lproj/Main.storyboard; sourceTree = "<group>"; };
		A8AC00CA28A297BA005E84BE /* Assets.xcassets */ = {isa = PBXFileReference; lastKnownFileType = folder.assetcatalog; path = Assets.xcassets; sourceTree = "<group>"; };
		A8AC00CD28A297BA005E84BE /* Base */ = {isa = PBXFileReference; lastKnownFileType = file.storyboard; name = Base; path = Base.lproj/LaunchScreen.storyboard; sourceTree = "<group>"; };
		A8AC00CF28A297BA005E84BE /* Info.plist */ = {isa = PBXFileReference; lastKnownFileType = text.plist.xml; path = Info.plist; sourceTree = "<group>"; };
		A8AC00D428A297BA005E84BE /* EssentialAppTests.xctest */ = {isa = PBXFileReference; explicitFileType = wrapper.cfbundle; includeInIndex = 0; path = EssentialAppTests.xctest; sourceTree = BUILT_PRODUCTS_DIR; };
		A8AC00DE28A297BA005E84BE /* EssentialAppUITests.xctest */ = {isa = PBXFileReference; explicitFileType = wrapper.cfbundle; includeInIndex = 0; path = EssentialAppUITests.xctest; sourceTree = BUILT_PRODUCTS_DIR; };
		A8AC00E228A297BA005E84BE /* EssentialAppUITests.swift */ = {isa = PBXFileReference; lastKnownFileType = sourcecode.swift; path = EssentialAppUITests.swift; sourceTree = "<group>"; };
		A8AC00E428A297BA005E84BE /* EssentialAppUITestsLaunchTests.swift */ = {isa = PBXFileReference; lastKnownFileType = sourcecode.swift; path = EssentialAppUITestsLaunchTests.swift; sourceTree = "<group>"; };
		A8E7934328B4101000BA2B2C /* FeedLoaderWithFallbackCompositeTests.swift */ = {isa = PBXFileReference; lastKnownFileType = sourcecode.swift; path = FeedLoaderWithFallbackCompositeTests.swift; sourceTree = "<group>"; };
		A8E7934828B419E000BA2B2C /* XCTestCase+MemoryLeakTracking.swift */ = {isa = PBXFileReference; lastKnownFileType = sourcecode.swift; path = "XCTestCase+MemoryLeakTracking.swift"; sourceTree = "<group>"; };
		A8E7934A28B41A0900BA2B2C /* SharedTestHelpers.swift */ = {isa = PBXFileReference; lastKnownFileType = sourcecode.swift; path = SharedTestHelpers.swift; sourceTree = "<group>"; };
		A8E7934C28B41C6D00BA2B2C /* FeedLoaderWithFallbackComposite.swift */ = {isa = PBXFileReference; lastKnownFileType = sourcecode.swift; path = FeedLoaderWithFallbackComposite.swift; sourceTree = "<group>"; };
		A8E7934E28B41D3E00BA2B2C /* FeedImageDataLoaderWithFallbackCompositeTests.swift */ = {isa = PBXFileReference; lastKnownFileType = sourcecode.swift; path = FeedImageDataLoaderWithFallbackCompositeTests.swift; sourceTree = "<group>"; };
		A8E7935028B5111600BA2B2C /* FeedImageDataLoaderWithFallbackComposite.swift */ = {isa = PBXFileReference; lastKnownFileType = sourcecode.swift; path = FeedImageDataLoaderWithFallbackComposite.swift; sourceTree = "<group>"; };
		A8E7935228B5245700BA2B2C /* FeedLoaderCacheDecoratorTests.swift */ = {isa = PBXFileReference; lastKnownFileType = sourcecode.swift; path = FeedLoaderCacheDecoratorTests.swift; sourceTree = "<group>"; };
		A8E7935428B5266200BA2B2C /* FeedLoaderStub.swift */ = {isa = PBXFileReference; lastKnownFileType = sourcecode.swift; path = FeedLoaderStub.swift; sourceTree = "<group>"; };
		A8E7935628B5272500BA2B2C /* XCTestCase+FeedLoader.swift */ = {isa = PBXFileReference; lastKnownFileType = sourcecode.swift; path = "XCTestCase+FeedLoader.swift"; sourceTree = "<group>"; };
/* End PBXFileReference section */

/* Begin PBXFrameworksBuildPhase section */
		A8AC00BB28A297B9005E84BE /* Frameworks */ = {
			isa = PBXFrameworksBuildPhase;
			buildActionMask = 2147483647;
			files = (
				A8AC00F328A29894005E84BE /* EssentialFeed in Frameworks */,
				A8AC00F528A29897005E84BE /* EssentialFeediOS in Frameworks */,
			);
			runOnlyForDeploymentPostprocessing = 0;
		};
		A8AC00D128A297BA005E84BE /* Frameworks */ = {
			isa = PBXFrameworksBuildPhase;
			buildActionMask = 2147483647;
			files = (
			);
			runOnlyForDeploymentPostprocessing = 0;
		};
		A8AC00DB28A297BA005E84BE /* Frameworks */ = {
			isa = PBXFrameworksBuildPhase;
			buildActionMask = 2147483647;
			files = (
			);
			runOnlyForDeploymentPostprocessing = 0;
		};
/* End PBXFrameworksBuildPhase section */

/* Begin PBXGroup section */
		A8AC00B528A297B9005E84BE = {
			isa = PBXGroup;
			children = (
				A8AC00C028A297B9005E84BE /* EssentialApp */,
				A8AC00D728A297BA005E84BE /* EssentialAppTests */,
				A8AC00E128A297BA005E84BE /* EssentialAppUITests */,
				A8AC00BF28A297B9005E84BE /* Products */,
				A8AC00F128A29894005E84BE /* Frameworks */,
			);
			sourceTree = "<group>";
		};
		A8AC00BF28A297B9005E84BE /* Products */ = {
			isa = PBXGroup;
			children = (
				A8AC00BE28A297B9005E84BE /* EssentialApp.app */,
				A8AC00D428A297BA005E84BE /* EssentialAppTests.xctest */,
				A8AC00DE28A297BA005E84BE /* EssentialAppUITests.xctest */,
			);
			name = Products;
			sourceTree = "<group>";
		};
		A8AC00C028A297B9005E84BE /* EssentialApp */ = {
			isa = PBXGroup;
			children = (
				A8AC00CF28A297BA005E84BE /* Info.plist */,
				A8AC00C128A297B9005E84BE /* AppDelegate.swift */,
				A8E7935028B5111600BA2B2C /* FeedImageDataLoaderWithFallbackComposite.swift */,
				A8E7934C28B41C6D00BA2B2C /* FeedLoaderWithFallbackComposite.swift */,
				A8AC00C328A297B9005E84BE /* SceneDelegate.swift */,
				A8AC00C528A297B9005E84BE /* ViewController.swift */,
				A8AC00CA28A297BA005E84BE /* Assets.xcassets */,
				A8AC00CC28A297BA005E84BE /* LaunchScreen.storyboard */,
				A8AC00C728A297B9005E84BE /* Main.storyboard */,
			);
			path = EssentialApp;
			sourceTree = "<group>";
		};
		A8AC00D728A297BA005E84BE /* EssentialAppTests */ = {
			isa = PBXGroup;
			children = (
				A8E7934E28B41D3E00BA2B2C /* FeedImageDataLoaderWithFallbackCompositeTests.swift */,
				A8E7935228B5245700BA2B2C /* FeedLoaderCacheDecoratorTests.swift */,
				A8E7934328B4101000BA2B2C /* FeedLoaderWithFallbackCompositeTests.swift */,
				A8E7934728B419D400BA2B2C /* Helpers */,
			);
			path = EssentialAppTests;
			sourceTree = "<group>";
		};
		A8AC00E128A297BA005E84BE /* EssentialAppUITests */ = {
			isa = PBXGroup;
			children = (
				A8AC00E228A297BA005E84BE /* EssentialAppUITests.swift */,
				A8AC00E428A297BA005E84BE /* EssentialAppUITestsLaunchTests.swift */,
			);
			path = EssentialAppUITests;
			sourceTree = "<group>";
		};
		A8AC00F128A29894005E84BE /* Frameworks */ = {
			isa = PBXGroup;
			children = (
			);
			name = Frameworks;
			sourceTree = "<group>";
		};
		A8E7934728B419D400BA2B2C /* Helpers */ = {
			isa = PBXGroup;
			children = (
				A8E7935428B5266200BA2B2C /* FeedLoaderStub.swift */,
				A8E7934A28B41A0900BA2B2C /* SharedTestHelpers.swift */,
				A8E7935628B5272500BA2B2C /* XCTestCase+FeedLoader.swift */,
				A8E7934828B419E000BA2B2C /* XCTestCase+MemoryLeakTracking.swift */,
			);
			path = Helpers;
			sourceTree = "<group>";
		};
/* End PBXGroup section */

/* Begin PBXNativeTarget section */
		A8AC00BD28A297B9005E84BE /* EssentialApp */ = {
			isa = PBXNativeTarget;
			buildConfigurationList = A8AC00E828A297BA005E84BE /* Build configuration list for PBXNativeTarget "EssentialApp" */;
			buildPhases = (
				A8AC00BA28A297B9005E84BE /* Sources */,
				A8AC00BB28A297B9005E84BE /* Frameworks */,
				A8AC00BC28A297B9005E84BE /* Resources */,
			);
			buildRules = (
			);
			dependencies = (
			);
			name = EssentialApp;
			packageProductDependencies = (
				A8AC00F228A29894005E84BE /* EssentialFeed */,
				A8AC00F428A29897005E84BE /* EssentialFeediOS */,
			);
			productName = EssentialApp;
			productReference = A8AC00BE28A297B9005E84BE /* EssentialApp.app */;
			productType = "com.apple.product-type.application";
		};
		A8AC00D328A297BA005E84BE /* EssentialAppTests */ = {
			isa = PBXNativeTarget;
			buildConfigurationList = A8AC00EB28A297BA005E84BE /* Build configuration list for PBXNativeTarget "EssentialAppTests" */;
			buildPhases = (
				A8AC00D028A297BA005E84BE /* Sources */,
				A8AC00D128A297BA005E84BE /* Frameworks */,
				A8AC00D228A297BA005E84BE /* Resources */,
			);
			buildRules = (
			);
			dependencies = (
				A8AC00D628A297BA005E84BE /* PBXTargetDependency */,
			);
			name = EssentialAppTests;
			productName = EssentialAppTests;
			productReference = A8AC00D428A297BA005E84BE /* EssentialAppTests.xctest */;
			productType = "com.apple.product-type.bundle.unit-test";
		};
		A8AC00DD28A297BA005E84BE /* EssentialAppUITests */ = {
			isa = PBXNativeTarget;
			buildConfigurationList = A8AC00EE28A297BA005E84BE /* Build configuration list for PBXNativeTarget "EssentialAppUITests" */;
			buildPhases = (
				A8AC00DA28A297BA005E84BE /* Sources */,
				A8AC00DB28A297BA005E84BE /* Frameworks */,
				A8AC00DC28A297BA005E84BE /* Resources */,
			);
			buildRules = (
			);
			dependencies = (
				A8AC00E028A297BA005E84BE /* PBXTargetDependency */,
			);
			name = EssentialAppUITests;
			productName = EssentialAppUITests;
			productReference = A8AC00DE28A297BA005E84BE /* EssentialAppUITests.xctest */;
			productType = "com.apple.product-type.bundle.ui-testing";
		};
/* End PBXNativeTarget section */

/* Begin PBXProject section */
		A8AC00B628A297B9005E84BE /* Project object */ = {
			isa = PBXProject;
			attributes = {
				BuildIndependentTargetsInParallel = 1;
				LastSwiftUpdateCheck = 1330;
				LastUpgradeCheck = 1330;
				TargetAttributes = {
					A8AC00BD28A297B9005E84BE = {
						CreatedOnToolsVersion = 13.3;
					};
					A8AC00D328A297BA005E84BE = {
						CreatedOnToolsVersion = 13.3;
						TestTargetID = A8AC00BD28A297B9005E84BE;
					};
					A8AC00DD28A297BA005E84BE = {
						CreatedOnToolsVersion = 13.3;
						TestTargetID = A8AC00BD28A297B9005E84BE;
					};
				};
			};
			buildConfigurationList = A8AC00B928A297B9005E84BE /* Build configuration list for PBXProject "EssentialApp" */;
			compatibilityVersion = "Xcode 13.0";
			developmentRegion = en;
			hasScannedForEncodings = 0;
			knownRegions = (
				en,
				Base,
			);
			mainGroup = A8AC00B528A297B9005E84BE;
			productRefGroup = A8AC00BF28A297B9005E84BE /* Products */;
			projectDirPath = "";
			projectRoot = "";
			targets = (
				A8AC00BD28A297B9005E84BE /* EssentialApp */,
				A8AC00D328A297BA005E84BE /* EssentialAppTests */,
				A8AC00DD28A297BA005E84BE /* EssentialAppUITests */,
			);
		};
/* End PBXProject section */

/* Begin PBXResourcesBuildPhase section */
		A8AC00BC28A297B9005E84BE /* Resources */ = {
			isa = PBXResourcesBuildPhase;
			buildActionMask = 2147483647;
			files = (
				A8AC00CE28A297BA005E84BE /* LaunchScreen.storyboard in Resources */,
				A8AC00CB28A297BA005E84BE /* Assets.xcassets in Resources */,
				A8AC00C928A297B9005E84BE /* Main.storyboard in Resources */,
			);
			runOnlyForDeploymentPostprocessing = 0;
		};
		A8AC00D228A297BA005E84BE /* Resources */ = {
			isa = PBXResourcesBuildPhase;
			buildActionMask = 2147483647;
			files = (
			);
			runOnlyForDeploymentPostprocessing = 0;
		};
		A8AC00DC28A297BA005E84BE /* Resources */ = {
			isa = PBXResourcesBuildPhase;
			buildActionMask = 2147483647;
			files = (
			);
			runOnlyForDeploymentPostprocessing = 0;
		};
/* End PBXResourcesBuildPhase section */

/* Begin PBXSourcesBuildPhase section */
		A8AC00BA28A297B9005E84BE /* Sources */ = {
			isa = PBXSourcesBuildPhase;
			buildActionMask = 2147483647;
			files = (
				A8AC00C628A297B9005E84BE /* ViewController.swift in Sources */,
				A8AC00C228A297B9005E84BE /* AppDelegate.swift in Sources */,
				A8E7934D28B41C6D00BA2B2C /* FeedLoaderWithFallbackComposite.swift in Sources */,
				A8AC00C428A297B9005E84BE /* SceneDelegate.swift in Sources */,
				A8E7935128B5111600BA2B2C /* FeedImageDataLoaderWithFallbackComposite.swift in Sources */,
			);
			runOnlyForDeploymentPostprocessing = 0;
		};
		A8AC00D028A297BA005E84BE /* Sources */ = {
			isa = PBXSourcesBuildPhase;
			buildActionMask = 2147483647;
			files = (
				A8E7934F28B41D3E00BA2B2C /* FeedImageDataLoaderWithFallbackCompositeTests.swift in Sources */,
				A8E7935728B5272500BA2B2C /* XCTestCase+FeedLoader.swift in Sources */,
				A8E7934428B4101000BA2B2C /* FeedLoaderWithFallbackCompositeTests.swift in Sources */,
				A8E7934928B419E000BA2B2C /* XCTestCase+MemoryLeakTracking.swift in Sources */,
				A8E7935328B5245700BA2B2C /* FeedLoaderCacheDecoratorTests.swift in Sources */,
				A8E7935528B5266200BA2B2C /* FeedLoaderStub.swift in Sources */,
				A8E7934B28B41A0900BA2B2C /* SharedTestHelpers.swift in Sources */,
			);
			runOnlyForDeploymentPostprocessing = 0;
		};
		A8AC00DA28A297BA005E84BE /* Sources */ = {
			isa = PBXSourcesBuildPhase;
			buildActionMask = 2147483647;
			files = (
				A8AC00E328A297BA005E84BE /* EssentialAppUITests.swift in Sources */,
				A8AC00E528A297BA005E84BE /* EssentialAppUITestsLaunchTests.swift in Sources */,
			);
			runOnlyForDeploymentPostprocessing = 0;
		};
/* End PBXSourcesBuildPhase section */

/* Begin PBXTargetDependency section */
		A8AC00D628A297BA005E84BE /* PBXTargetDependency */ = {
			isa = PBXTargetDependency;
			target = A8AC00BD28A297B9005E84BE /* EssentialApp */;
			targetProxy = A8AC00D528A297BA005E84BE /* PBXContainerItemProxy */;
		};
		A8AC00E028A297BA005E84BE /* PBXTargetDependency */ = {
			isa = PBXTargetDependency;
			target = A8AC00BD28A297B9005E84BE /* EssentialApp */;
			targetProxy = A8AC00DF28A297BA005E84BE /* PBXContainerItemProxy */;
		};
/* End PBXTargetDependency section */

/* Begin PBXVariantGroup section */
		A8AC00C728A297B9005E84BE /* Main.storyboard */ = {
			isa = PBXVariantGroup;
			children = (
				A8AC00C828A297B9005E84BE /* Base */,
			);
			name = Main.storyboard;
			sourceTree = "<group>";
		};
		A8AC00CC28A297BA005E84BE /* LaunchScreen.storyboard */ = {
			isa = PBXVariantGroup;
			children = (
				A8AC00CD28A297BA005E84BE /* Base */,
			);
			name = LaunchScreen.storyboard;
			sourceTree = "<group>";
		};
/* End PBXVariantGroup section */

/* Begin XCBuildConfiguration section */
		A8AC00E628A297BA005E84BE /* Debug */ = {
			isa = XCBuildConfiguration;
			buildSettings = {
				ALWAYS_SEARCH_USER_PATHS = NO;
				CLANG_ANALYZER_NONNULL = YES;
				CLANG_ANALYZER_NUMBER_OBJECT_CONVERSION = YES_AGGRESSIVE;
				CLANG_CXX_LANGUAGE_STANDARD = "gnu++17";
				CLANG_ENABLE_MODULES = YES;
				CLANG_ENABLE_OBJC_ARC = YES;
				CLANG_ENABLE_OBJC_WEAK = YES;
				CLANG_WARN_BLOCK_CAPTURE_AUTORELEASING = YES;
				CLANG_WARN_BOOL_CONVERSION = YES;
				CLANG_WARN_COMMA = YES;
				CLANG_WARN_CONSTANT_CONVERSION = YES;
				CLANG_WARN_DEPRECATED_OBJC_IMPLEMENTATIONS = YES;
				CLANG_WARN_DIRECT_OBJC_ISA_USAGE = YES_ERROR;
				CLANG_WARN_DOCUMENTATION_COMMENTS = YES;
				CLANG_WARN_EMPTY_BODY = YES;
				CLANG_WARN_ENUM_CONVERSION = YES;
				CLANG_WARN_INFINITE_RECURSION = YES;
				CLANG_WARN_INT_CONVERSION = YES;
				CLANG_WARN_NON_LITERAL_NULL_CONVERSION = YES;
				CLANG_WARN_OBJC_IMPLICIT_RETAIN_SELF = YES;
				CLANG_WARN_OBJC_LITERAL_CONVERSION = YES;
				CLANG_WARN_OBJC_ROOT_CLASS = YES_ERROR;
				CLANG_WARN_QUOTED_INCLUDE_IN_FRAMEWORK_HEADER = YES;
				CLANG_WARN_RANGE_LOOP_ANALYSIS = YES;
				CLANG_WARN_STRICT_PROTOTYPES = YES;
				CLANG_WARN_SUSPICIOUS_MOVE = YES;
				CLANG_WARN_UNGUARDED_AVAILABILITY = YES_AGGRESSIVE;
				CLANG_WARN_UNREACHABLE_CODE = YES;
				CLANG_WARN__DUPLICATE_METHOD_MATCH = YES;
				COPY_PHASE_STRIP = NO;
				DEBUG_INFORMATION_FORMAT = dwarf;
				ENABLE_STRICT_OBJC_MSGSEND = YES;
				ENABLE_TESTABILITY = YES;
				GCC_C_LANGUAGE_STANDARD = gnu11;
				GCC_DYNAMIC_NO_PIC = NO;
				GCC_NO_COMMON_BLOCKS = YES;
				GCC_OPTIMIZATION_LEVEL = 0;
				GCC_PREPROCESSOR_DEFINITIONS = (
					"DEBUG=1",
					"$(inherited)",
				);
				GCC_WARN_64_TO_32_BIT_CONVERSION = YES;
				GCC_WARN_ABOUT_RETURN_TYPE = YES_ERROR;
				GCC_WARN_UNDECLARED_SELECTOR = YES;
				GCC_WARN_UNINITIALIZED_AUTOS = YES_AGGRESSIVE;
				GCC_WARN_UNUSED_FUNCTION = YES;
				GCC_WARN_UNUSED_VARIABLE = YES;
				IPHONEOS_DEPLOYMENT_TARGET = 15.4;
				MTL_ENABLE_DEBUG_INFO = INCLUDE_SOURCE;
				MTL_FAST_MATH = YES;
				ONLY_ACTIVE_ARCH = YES;
				SDKROOT = iphoneos;
				SWIFT_ACTIVE_COMPILATION_CONDITIONS = DEBUG;
				SWIFT_OPTIMIZATION_LEVEL = "-Onone";
			};
			name = Debug;
		};
		A8AC00E728A297BA005E84BE /* Release */ = {
			isa = XCBuildConfiguration;
			buildSettings = {
				ALWAYS_SEARCH_USER_PATHS = NO;
				CLANG_ANALYZER_NONNULL = YES;
				CLANG_ANALYZER_NUMBER_OBJECT_CONVERSION = YES_AGGRESSIVE;
				CLANG_CXX_LANGUAGE_STANDARD = "gnu++17";
				CLANG_ENABLE_MODULES = YES;
				CLANG_ENABLE_OBJC_ARC = YES;
				CLANG_ENABLE_OBJC_WEAK = YES;
				CLANG_WARN_BLOCK_CAPTURE_AUTORELEASING = YES;
				CLANG_WARN_BOOL_CONVERSION = YES;
				CLANG_WARN_COMMA = YES;
				CLANG_WARN_CONSTANT_CONVERSION = YES;
				CLANG_WARN_DEPRECATED_OBJC_IMPLEMENTATIONS = YES;
				CLANG_WARN_DIRECT_OBJC_ISA_USAGE = YES_ERROR;
				CLANG_WARN_DOCUMENTATION_COMMENTS = YES;
				CLANG_WARN_EMPTY_BODY = YES;
				CLANG_WARN_ENUM_CONVERSION = YES;
				CLANG_WARN_INFINITE_RECURSION = YES;
				CLANG_WARN_INT_CONVERSION = YES;
				CLANG_WARN_NON_LITERAL_NULL_CONVERSION = YES;
				CLANG_WARN_OBJC_IMPLICIT_RETAIN_SELF = YES;
				CLANG_WARN_OBJC_LITERAL_CONVERSION = YES;
				CLANG_WARN_OBJC_ROOT_CLASS = YES_ERROR;
				CLANG_WARN_QUOTED_INCLUDE_IN_FRAMEWORK_HEADER = YES;
				CLANG_WARN_RANGE_LOOP_ANALYSIS = YES;
				CLANG_WARN_STRICT_PROTOTYPES = YES;
				CLANG_WARN_SUSPICIOUS_MOVE = YES;
				CLANG_WARN_UNGUARDED_AVAILABILITY = YES_AGGRESSIVE;
				CLANG_WARN_UNREACHABLE_CODE = YES;
				CLANG_WARN__DUPLICATE_METHOD_MATCH = YES;
				COPY_PHASE_STRIP = NO;
				DEBUG_INFORMATION_FORMAT = "dwarf-with-dsym";
				ENABLE_NS_ASSERTIONS = NO;
				ENABLE_STRICT_OBJC_MSGSEND = YES;
				GCC_C_LANGUAGE_STANDARD = gnu11;
				GCC_NO_COMMON_BLOCKS = YES;
				GCC_WARN_64_TO_32_BIT_CONVERSION = YES;
				GCC_WARN_ABOUT_RETURN_TYPE = YES_ERROR;
				GCC_WARN_UNDECLARED_SELECTOR = YES;
				GCC_WARN_UNINITIALIZED_AUTOS = YES_AGGRESSIVE;
				GCC_WARN_UNUSED_FUNCTION = YES;
				GCC_WARN_UNUSED_VARIABLE = YES;
				IPHONEOS_DEPLOYMENT_TARGET = 15.4;
				MTL_ENABLE_DEBUG_INFO = NO;
				MTL_FAST_MATH = YES;
				SDKROOT = iphoneos;
				SWIFT_COMPILATION_MODE = wholemodule;
				SWIFT_OPTIMIZATION_LEVEL = "-O";
				VALIDATE_PRODUCT = YES;
			};
			name = Release;
		};
		A8AC00E928A297BA005E84BE /* Debug */ = {
			isa = XCBuildConfiguration;
			buildSettings = {
				ASSETCATALOG_COMPILER_APPICON_NAME = AppIcon;
				ASSETCATALOG_COMPILER_GLOBAL_ACCENT_COLOR_NAME = AccentColor;
				CODE_SIGN_STYLE = Automatic;
				CURRENT_PROJECT_VERSION = 1;
				DEVELOPMENT_TEAM = GH7UH23B4Z;
				GENERATE_INFOPLIST_FILE = YES;
				INFOPLIST_FILE = EssentialApp/Info.plist;
				INFOPLIST_KEY_UIApplicationSupportsIndirectInputEvents = YES;
				INFOPLIST_KEY_UILaunchStoryboardName = LaunchScreen;
				INFOPLIST_KEY_UIMainStoryboardFile = Main;
				INFOPLIST_KEY_UISupportedInterfaceOrientations = UIInterfaceOrientationPortrait;
				INFOPLIST_KEY_UISupportedInterfaceOrientations_iPad = "UIInterfaceOrientationPortrait UIInterfaceOrientationPortraitUpsideDown UIInterfaceOrientationLandscapeLeft UIInterfaceOrientationLandscapeRight";
				INFOPLIST_KEY_UISupportedInterfaceOrientations_iPhone = "UIInterfaceOrientationPortrait UIInterfaceOrientationLandscapeLeft UIInterfaceOrientationLandscapeRight";
				LD_RUNPATH_SEARCH_PATHS = (
					"$(inherited)",
					"@executable_path/Frameworks",
				);
				MARKETING_VERSION = 1.0;
				PRODUCT_BUNDLE_IDENTIFIER = pasini.EssentialApp;
				PRODUCT_NAME = "$(TARGET_NAME)";
				SWIFT_EMIT_LOC_STRINGS = YES;
				SWIFT_VERSION = 5.0;
				TARGETED_DEVICE_FAMILY = "1,2";
			};
			name = Debug;
		};
		A8AC00EA28A297BA005E84BE /* Release */ = {
			isa = XCBuildConfiguration;
			buildSettings = {
				ASSETCATALOG_COMPILER_APPICON_NAME = AppIcon;
				ASSETCATALOG_COMPILER_GLOBAL_ACCENT_COLOR_NAME = AccentColor;
				CODE_SIGN_STYLE = Automatic;
				CURRENT_PROJECT_VERSION = 1;
				DEVELOPMENT_TEAM = GH7UH23B4Z;
				GENERATE_INFOPLIST_FILE = YES;
				INFOPLIST_FILE = EssentialApp/Info.plist;
				INFOPLIST_KEY_UIApplicationSupportsIndirectInputEvents = YES;
				INFOPLIST_KEY_UILaunchStoryboardName = LaunchScreen;
				INFOPLIST_KEY_UIMainStoryboardFile = Main;
				INFOPLIST_KEY_UISupportedInterfaceOrientations = UIInterfaceOrientationPortrait;
				INFOPLIST_KEY_UISupportedInterfaceOrientations_iPad = "UIInterfaceOrientationPortrait UIInterfaceOrientationPortraitUpsideDown UIInterfaceOrientationLandscapeLeft UIInterfaceOrientationLandscapeRight";
				INFOPLIST_KEY_UISupportedInterfaceOrientations_iPhone = "UIInterfaceOrientationPortrait UIInterfaceOrientationLandscapeLeft UIInterfaceOrientationLandscapeRight";
				LD_RUNPATH_SEARCH_PATHS = (
					"$(inherited)",
					"@executable_path/Frameworks",
				);
				MARKETING_VERSION = 1.0;
				PRODUCT_BUNDLE_IDENTIFIER = pasini.EssentialApp;
				PRODUCT_NAME = "$(TARGET_NAME)";
				SWIFT_EMIT_LOC_STRINGS = YES;
				SWIFT_VERSION = 5.0;
				TARGETED_DEVICE_FAMILY = "1,2";
			};
			name = Release;
		};
		A8AC00EC28A297BA005E84BE /* Debug */ = {
			isa = XCBuildConfiguration;
			buildSettings = {
				ALWAYS_EMBED_SWIFT_STANDARD_LIBRARIES = YES;
				BUNDLE_LOADER = "$(TEST_HOST)";
				CODE_SIGN_STYLE = Automatic;
				CURRENT_PROJECT_VERSION = 1;
				DEVELOPMENT_TEAM = GH7UH23B4Z;
				GENERATE_INFOPLIST_FILE = YES;
				IPHONEOS_DEPLOYMENT_TARGET = 15.4;
				MARKETING_VERSION = 1.0;
				PRODUCT_BUNDLE_IDENTIFIER = pasini.EssentialAppTests;
				PRODUCT_NAME = "$(TARGET_NAME)";
				SWIFT_EMIT_LOC_STRINGS = NO;
				SWIFT_VERSION = 5.0;
				TARGETED_DEVICE_FAMILY = "1,2";
				TEST_HOST = "$(BUILT_PRODUCTS_DIR)/EssentialApp.app/EssentialApp";
			};
			name = Debug;
		};
		A8AC00ED28A297BA005E84BE /* Release */ = {
			isa = XCBuildConfiguration;
			buildSettings = {
				ALWAYS_EMBED_SWIFT_STANDARD_LIBRARIES = YES;
				BUNDLE_LOADER = "$(TEST_HOST)";
				CODE_SIGN_STYLE = Automatic;
				CURRENT_PROJECT_VERSION = 1;
				DEVELOPMENT_TEAM = GH7UH23B4Z;
				GENERATE_INFOPLIST_FILE = YES;
				IPHONEOS_DEPLOYMENT_TARGET = 15.4;
				MARKETING_VERSION = 1.0;
				PRODUCT_BUNDLE_IDENTIFIER = pasini.EssentialAppTests;
				PRODUCT_NAME = "$(TARGET_NAME)";
				SWIFT_EMIT_LOC_STRINGS = NO;
				SWIFT_VERSION = 5.0;
				TARGETED_DEVICE_FAMILY = "1,2";
				TEST_HOST = "$(BUILT_PRODUCTS_DIR)/EssentialApp.app/EssentialApp";
			};
			name = Release;
		};
		A8AC00EF28A297BA005E84BE /* Debug */ = {
			isa = XCBuildConfiguration;
			buildSettings = {
				ALWAYS_EMBED_SWIFT_STANDARD_LIBRARIES = YES;
				CODE_SIGN_STYLE = Automatic;
				CURRENT_PROJECT_VERSION = 1;
				DEVELOPMENT_TEAM = GH7UH23B4Z;
				GENERATE_INFOPLIST_FILE = YES;
				MARKETING_VERSION = 1.0;
				PRODUCT_BUNDLE_IDENTIFIER = pasini.EssentialAppUITests;
				PRODUCT_NAME = "$(TARGET_NAME)";
				SWIFT_EMIT_LOC_STRINGS = NO;
				SWIFT_VERSION = 5.0;
				TARGETED_DEVICE_FAMILY = "1,2";
				TEST_TARGET_NAME = EssentialApp;
			};
			name = Debug;
		};
		A8AC00F028A297BA005E84BE /* Release */ = {
			isa = XCBuildConfiguration;
			buildSettings = {
				ALWAYS_EMBED_SWIFT_STANDARD_LIBRARIES = YES;
				CODE_SIGN_STYLE = Automatic;
				CURRENT_PROJECT_VERSION = 1;
				DEVELOPMENT_TEAM = GH7UH23B4Z;
				GENERATE_INFOPLIST_FILE = YES;
				MARKETING_VERSION = 1.0;
				PRODUCT_BUNDLE_IDENTIFIER = pasini.EssentialAppUITests;
				PRODUCT_NAME = "$(TARGET_NAME)";
				SWIFT_EMIT_LOC_STRINGS = NO;
				SWIFT_VERSION = 5.0;
				TARGETED_DEVICE_FAMILY = "1,2";
				TEST_TARGET_NAME = EssentialApp;
			};
			name = Release;
		};
/* End XCBuildConfiguration section */

/* Begin XCConfigurationList section */
		A8AC00B928A297B9005E84BE /* Build configuration list for PBXProject "EssentialApp" */ = {
			isa = XCConfigurationList;
			buildConfigurations = (
				A8AC00E628A297BA005E84BE /* Debug */,
				A8AC00E728A297BA005E84BE /* Release */,
			);
			defaultConfigurationIsVisible = 0;
			defaultConfigurationName = Release;
		};
		A8AC00E828A297BA005E84BE /* Build configuration list for PBXNativeTarget "EssentialApp" */ = {
			isa = XCConfigurationList;
			buildConfigurations = (
				A8AC00E928A297BA005E84BE /* Debug */,
				A8AC00EA28A297BA005E84BE /* Release */,
			);
			defaultConfigurationIsVisible = 0;
			defaultConfigurationName = Release;
		};
		A8AC00EB28A297BA005E84BE /* Build configuration list for PBXNativeTarget "EssentialAppTests" */ = {
			isa = XCConfigurationList;
			buildConfigurations = (
				A8AC00EC28A297BA005E84BE /* Debug */,
				A8AC00ED28A297BA005E84BE /* Release */,
			);
			defaultConfigurationIsVisible = 0;
			defaultConfigurationName = Release;
		};
		A8AC00EE28A297BA005E84BE /* Build configuration list for PBXNativeTarget "EssentialAppUITests" */ = {
			isa = XCConfigurationList;
			buildConfigurations = (
				A8AC00EF28A297BA005E84BE /* Debug */,
				A8AC00F028A297BA005E84BE /* Release */,
			);
			defaultConfigurationIsVisible = 0;
			defaultConfigurationName = Release;
		};
/* End XCConfigurationList section */

/* Begin XCSwiftPackageProductDependency section */
		A8AC00F228A29894005E84BE /* EssentialFeed */ = {
			isa = XCSwiftPackageProductDependency;
			productName = EssentialFeed;
		};
		A8AC00F428A29897005E84BE /* EssentialFeediOS */ = {
			isa = XCSwiftPackageProductDependency;
			productName = EssentialFeediOS;
		};
/* End XCSwiftPackageProductDependency section */
	};
	rootObject = A8AC00B628A297B9005E84BE /* Project object */;
}
